// !$*UTF8*$!
{
	archiveVersion = 1;
	classes = {
	};
	objectVersion = 46;
	objects = {

/* Begin PBXBuildFile section */
		34981FF219D381F20000A5FB /* AppDelegate.swift in Sources */ = {isa = PBXBuildFile; fileRef = 34981FF119D381F20000A5FB /* AppDelegate.swift */; };
		34981FF419D381F20000A5FB /* ViewController.swift in Sources */ = {isa = PBXBuildFile; fileRef = 34981FF319D381F20000A5FB /* ViewController.swift */; };
		34981FF719D381F20000A5FB /* Main.storyboard in Resources */ = {isa = PBXBuildFile; fileRef = 34981FF519D381F20000A5FB /* Main.storyboard */; };
		34981FF919D381F20000A5FB /* Images.xcassets in Resources */ = {isa = PBXBuildFile; fileRef = 34981FF819D381F20000A5FB /* Images.xcassets */; };
		3498200519D381F30000A5FB /* LeapTests.swift in Sources */ = {isa = PBXBuildFile; fileRef = 3498200419D381F30000A5FB /* LeapTests.swift */; };
/* End PBXBuildFile section */

/* Begin PBXContainerItemProxy section */
		34981FFF19D381F30000A5FB /* PBXContainerItemProxy */ = {
			isa = PBXContainerItemProxy;
			containerPortal = 34981FE419D381F20000A5FB /* Project object */;
			proxyType = 1;
			remoteGlobalIDString = 34981FEB19D381F20000A5FB;
			remoteInfo = Leap;
		};
/* End PBXContainerItemProxy section */

/* Begin PBXFileReference section */
		34981FEC19D381F20000A5FB /* Leap.app */ = {isa = PBXFileReference; explicitFileType = wrapper.application; includeInIndex = 0; path = Leap.app; sourceTree = BUILT_PRODUCTS_DIR; };
		34981FF019D381F20000A5FB /* Info.plist */ = {isa = PBXFileReference; lastKnownFileType = text.plist.xml; path = Info.plist; sourceTree = "<group>"; };
		34981FF119D381F20000A5FB /* AppDelegate.swift */ = {isa = PBXFileReference; lastKnownFileType = sourcecode.swift; path = AppDelegate.swift; sourceTree = "<group>"; };
		34981FF319D381F20000A5FB /* ViewController.swift */ = {isa = PBXFileReference; lastKnownFileType = sourcecode.swift; path = ViewController.swift; sourceTree = "<group>"; };
		34981FF619D381F20000A5FB /* Base */ = {isa = PBXFileReference; lastKnownFileType = file.storyboard; name = Base; path = Base.lproj/Main.storyboard; sourceTree = "<group>"; };
		34981FF819D381F20000A5FB /* Images.xcassets */ = {isa = PBXFileReference; lastKnownFileType = folder.assetcatalog; path = Images.xcassets; sourceTree = "<group>"; };
		34981FFE19D381F30000A5FB /* LeapTests.xctest */ = {isa = PBXFileReference; explicitFileType = wrapper.cfbundle; includeInIndex = 0; path = LeapTests.xctest; sourceTree = BUILT_PRODUCTS_DIR; };
		3498200319D381F30000A5FB /* Info.plist */ = {isa = PBXFileReference; lastKnownFileType = text.plist.xml; path = Info.plist; sourceTree = "<group>"; };
		3498200419D381F30000A5FB /* LeapTests.swift */ = {isa = PBXFileReference; lastKnownFileType = sourcecode.swift; path = LeapTests.swift; sourceTree = "<group>"; };
/* End PBXFileReference section */

/* Begin PBXFrameworksBuildPhase section */
		34981FE919D381F20000A5FB /* Frameworks */ = {
			isa = PBXFrameworksBuildPhase;
			buildActionMask = 2147483647;
			files = (
			);
			runOnlyForDeploymentPostprocessing = 0;
		};
		34981FFB19D381F30000A5FB /* Frameworks */ = {
			isa = PBXFrameworksBuildPhase;
			buildActionMask = 2147483647;
			files = (
			);
			runOnlyForDeploymentPostprocessing = 0;
		};
/* End PBXFrameworksBuildPhase section */

/* Begin PBXGroup section */
		34981FE319D381F20000A5FB = {
			isa = PBXGroup;
			children = (
				34981FEE19D381F20000A5FB /* Leap */,
				3498200119D381F30000A5FB /* LeapTests */,
				34981FED19D381F20000A5FB /* Products */,
			);
			sourceTree = "<group>";
		};
		34981FED19D381F20000A5FB /* Products */ = {
			isa = PBXGroup;
			children = (
				34981FEC19D381F20000A5FB /* Leap.app */,
				34981FFE19D381F30000A5FB /* LeapTests.xctest */,
			);
			name = Products;
			sourceTree = "<group>";
		};
		34981FEE19D381F20000A5FB /* Leap */ = {
			isa = PBXGroup;
			children = (
				34981FF119D381F20000A5FB /* AppDelegate.swift */,
				34981FF319D381F20000A5FB /* ViewController.swift */,
				34981FF519D381F20000A5FB /* Main.storyboard */,
				34981FF819D381F20000A5FB /* Images.xcassets */,
				34981FEF19D381F20000A5FB /* Supporting Files */,
			);
			path = Leap;
			sourceTree = "<group>";
		};
		34981FEF19D381F20000A5FB /* Supporting Files */ = {
			isa = PBXGroup;
			children = (
				34981FF019D381F20000A5FB /* Info.plist */,
			);
			name = "Supporting Files";
			sourceTree = "<group>";
		};
		3498200119D381F30000A5FB /* LeapTests */ = {
			isa = PBXGroup;
			children = (
				3498200419D381F30000A5FB /* LeapTests.swift */,
				3498200219D381F30000A5FB /* Supporting Files */,
			);
			path = LeapTests;
			sourceTree = "<group>";
		};
		3498200219D381F30000A5FB /* Supporting Files */ = {
			isa = PBXGroup;
			children = (
				3498200319D381F30000A5FB /* Info.plist */,
			);
			name = "Supporting Files";
			sourceTree = "<group>";
		};
/* End PBXGroup section */

/* Begin PBXNativeTarget section */
		34981FEB19D381F20000A5FB /* Leap */ = {
			isa = PBXNativeTarget;
			buildConfigurationList = 3498200819D381F30000A5FB /* Build configuration list for PBXNativeTarget "Leap" */;
			buildPhases = (
				34981FE819D381F20000A5FB /* Sources */,
				34981FE919D381F20000A5FB /* Frameworks */,
				34981FEA19D381F20000A5FB /* Resources */,
			);
			buildRules = (
			);
			dependencies = (
			);
			name = Leap;
			productName = Leap;
			productReference = 34981FEC19D381F20000A5FB /* Leap.app */;
			productType = "com.apple.product-type.application";
		};
		34981FFD19D381F30000A5FB /* LeapTests */ = {
			isa = PBXNativeTarget;
			buildConfigurationList = 3498200B19D381F30000A5FB /* Build configuration list for PBXNativeTarget "LeapTests" */;
			buildPhases = (
				34981FFA19D381F30000A5FB /* Sources */,
				34981FFB19D381F30000A5FB /* Frameworks */,
				34981FFC19D381F30000A5FB /* Resources */,
			);
			buildRules = (
			);
			dependencies = (
				3498200019D381F30000A5FB /* PBXTargetDependency */,
			);
			name = LeapTests;
			productName = LeapTests;
			productReference = 34981FFE19D381F30000A5FB /* LeapTests.xctest */;
			productType = "com.apple.product-type.bundle.unit-test";
		};
/* End PBXNativeTarget section */

/* Begin PBXProject section */
		34981FE419D381F20000A5FB /* Project object */ = {
			isa = PBXProject;
			attributes = {
				LastUpgradeCheck = 0600;
				ORGANIZATIONNAME = "Aaron Ward";
				TargetAttributes = {
					34981FEB19D381F20000A5FB = {
						CreatedOnToolsVersion = 6.0;
					};
					34981FFD19D381F30000A5FB = {
						CreatedOnToolsVersion = 6.0;
						TestTargetID = 34981FEB19D381F20000A5FB;
					};
				};
			};
			buildConfigurationList = 34981FE719D381F20000A5FB /* Build configuration list for PBXProject "Leap" */;
			compatibilityVersion = "Xcode 3.2";
			developmentRegion = English;
			hasScannedForEncodings = 0;
			knownRegions = (
				en,
				Base,
			);
			mainGroup = 34981FE319D381F20000A5FB;
			productRefGroup = 34981FED19D381F20000A5FB /* Products */;
			projectDirPath = "";
			projectRoot = "";
			targets = (
				34981FEB19D381F20000A5FB /* Leap */,
				34981FFD19D381F30000A5FB /* LeapTests */,
			);
		};
/* End PBXProject section */

/* Begin PBXResourcesBuildPhase section */
		34981FEA19D381F20000A5FB /* Resources */ = {
			isa = PBXResourcesBuildPhase;
			buildActionMask = 2147483647;
			files = (
				34981FF719D381F20000A5FB /* Main.storyboard in Resources */,
				34981FF919D381F20000A5FB /* Images.xcassets in Resources */,
			);
			runOnlyForDeploymentPostprocessing = 0;
		};
		34981FFC19D381F30000A5FB /* Resources */ = {
			isa = PBXResourcesBuildPhase;
			buildActionMask = 2147483647;
			files = (
			);
			runOnlyForDeploymentPostprocessing = 0;
		};
/* End PBXResourcesBuildPhase section */

/* Begin PBXSourcesBuildPhase section */
		34981FE819D381F20000A5FB /* Sources */ = {
			isa = PBXSourcesBuildPhase;
			buildActionMask = 2147483647;
			files = (
				34981FF419D381F20000A5FB /* ViewController.swift in Sources */,
				34981FF219D381F20000A5FB /* AppDelegate.swift in Sources */,
			);
			runOnlyForDeploymentPostprocessing = 0;
		};
		34981FFA19D381F30000A5FB /* Sources */ = {
			isa = PBXSourcesBuildPhase;
			buildActionMask = 2147483647;
			files = (
				3498200519D381F30000A5FB /* LeapTests.swift in Sources */,
			);
			runOnlyForDeploymentPostprocessing = 0;
		};
/* End PBXSourcesBuildPhase section */

/* Begin PBXTargetDependency section */
		3498200019D381F30000A5FB /* PBXTargetDependency */ = {
			isa = PBXTargetDependency;
			target = 34981FEB19D381F20000A5FB /* Leap */;
			targetProxy = 34981FFF19D381F30000A5FB /* PBXContainerItemProxy */;
		};
/* End PBXTargetDependency section */

/* Begin PBXVariantGroup section */
		34981FF519D381F20000A5FB /* Main.storyboard */ = {
			isa = PBXVariantGroup;
			children = (
				34981FF619D381F20000A5FB /* Base */,
			);
			name = Main.storyboard;
			sourceTree = "<group>";
		};
/* End PBXVariantGroup section */

/* Begin XCBuildConfiguration section */
		3498200619D381F30000A5FB /* Debug */ = {
			isa = XCBuildConfiguration;
			buildSettings = {
				ALWAYS_SEARCH_USER_PATHS = NO;
				CLANG_CXX_LANGUAGE_STANDARD = "gnu++0x";
				CLANG_CXX_LIBRARY = "libc++";
				CLANG_ENABLE_MODULES = YES;
				CLANG_ENABLE_OBJC_ARC = YES;
				CLANG_WARN_BOOL_CONVERSION = YES;
				CLANG_WARN_CONSTANT_CONVERSION = YES;
				CLANG_WARN_DIRECT_OBJC_ISA_USAGE = YES_ERROR;
				CLANG_WARN_EMPTY_BODY = YES;
				CLANG_WARN_ENUM_CONVERSION = YES;
				CLANG_WARN_INT_CONVERSION = YES;
				CLANG_WARN_OBJC_ROOT_CLASS = YES_ERROR;
				CLANG_WARN_UNREACHABLE_CODE = YES;
				CLANG_WARN__DUPLICATE_METHOD_MATCH = YES;
				"CODE_SIGN_IDENTITY[sdk=iphoneos*]" = "iPhone Developer";
				COPY_PHASE_STRIP = NO;
				ENABLE_STRICT_OBJC_MSGSEND = YES;
				GCC_C_LANGUAGE_STANDARD = gnu99;
				GCC_DYNAMIC_NO_PIC = NO;
				GCC_OPTIMIZATION_LEVEL = 0;
				GCC_PREPROCESSOR_DEFINITIONS = (
					"DEBUG=1",
					"$(inherited)",
				);
				GCC_SYMBOLS_PRIVATE_EXTERN = NO;
				GCC_WARN_64_TO_32_BIT_CONVERSION = YES;
				GCC_WARN_ABOUT_RETURN_TYPE = YES_ERROR;
				GCC_WARN_UNDECLARED_SELECTOR = YES;
				GCC_WARN_UNINITIALIZED_AUTOS = YES_AGGRESSIVE;
				GCC_WARN_UNUSED_FUNCTION = YES;
				GCC_WARN_UNUSED_VARIABLE = YES;
				IPHONEOS_DEPLOYMENT_TARGET = 8.0;
				MTL_ENABLE_DEBUG_INFO = YES;
				ONLY_ACTIVE_ARCH = YES;
				SDKROOT = iphoneos;
				SWIFT_OPTIMIZATION_LEVEL = "-Onone";
			};
			name = Debug;
		};
		3498200719D381F30000A5FB /* Release */ = {
			isa = XCBuildConfiguration;
			buildSettings = {
				ALWAYS_SEARCH_USER_PATHS = NO;
				CLANG_CXX_LANGUAGE_STANDARD = "gnu++0x";
				CLANG_CXX_LIBRARY = "libc++";
				CLANG_ENABLE_MODULES = YES;
				CLANG_ENABLE_OBJC_ARC = YES;
				CLANG_WARN_BOOL_CONVERSION = YES;
				CLANG_WARN_CONSTANT_CONVERSION = YES;
				CLANG_WARN_DIRECT_OBJC_ISA_USAGE = YES_ERROR;
				CLANG_WARN_EMPTY_BODY = YES;
				CLANG_WARN_ENUM_CONVERSION = YES;
				CLANG_WARN_INT_CONVERSION = YES;
				CLANG_WARN_OBJC_ROOT_CLASS = YES_ERROR;
				CLANG_WARN_UNREACHABLE_CODE = YES;
				CLANG_WARN__DUPLICATE_METHOD_MATCH = YES;
				"CODE_SIGN_IDENTITY[sdk=iphoneos*]" = "iPhone Developer";
				COPY_PHASE_STRIP = YES;
				ENABLE_NS_ASSERTIONS = NO;
				ENABLE_STRICT_OBJC_MSGSEND = YES;
				GCC_C_LANGUAGE_STANDARD = gnu99;
				GCC_WARN_64_TO_32_BIT_CONVERSION = YES;
				GCC_WARN_ABOUT_RETURN_TYPE = YES_ERROR;
				GCC_WARN_UNDECLARED_SELECTOR = YES;
				GCC_WARN_UNINITIALIZED_AUTOS = YES_AGGRESSIVE;
				GCC_WARN_UNUSED_FUNCTION = YES;
				GCC_WARN_UNUSED_VARIABLE = YES;
				IPHONEOS_DEPLOYMENT_TARGET = 8.0;
				MTL_ENABLE_DEBUG_INFO = NO;
				SDKROOT = iphoneos;
				VALIDATE_PRODUCT = YES;
			};
			name = Release;
		};
		3498200919D381F30000A5FB /* Debug */ = {
			isa = XCBuildConfiguration;
			buildSettings = {
				ASSETCATALOG_COMPILER_APPICON_NAME = AppIcon;
				ASSETCATALOG_COMPILER_LAUNCHIMAGE_NAME = LaunchImage;
				INFOPLIST_FILE = Leap/Info.plist;
				LD_RUNPATH_SEARCH_PATHS = "$(inherited) @executable_path/Frameworks";
				PRODUCT_NAME = "$(TARGET_NAME)";
			};
			name = Debug;
		};
		3498200A19D381F30000A5FB /* Release */ = {
			isa = XCBuildConfiguration;
			buildSettings = {
				ASSETCATALOG_COMPILER_APPICON_NAME = AppIcon;
				ASSETCATALOG_COMPILER_LAUNCHIMAGE_NAME = LaunchImage;
				INFOPLIST_FILE = Leap/Info.plist;
				LD_RUNPATH_SEARCH_PATHS = "$(inherited) @executable_path/Frameworks";
				PRODUCT_NAME = "$(TARGET_NAME)";
			};
			name = Release;
		};
		3498200C19D381F30000A5FB /* Debug */ = {
			isa = XCBuildConfiguration;
			buildSettings = {
				BUNDLE_LOADER = "$(TEST_HOST)";
				FRAMEWORK_SEARCH_PATHS = (
					"$(SDKROOT)/Developer/Library/Frameworks",
					"$(inherited)",
				);
				GCC_PREPROCESSOR_DEFINITIONS = (
					"DEBUG=1",
					"$(inherited)",
				);
				INFOPLIST_FILE = LeapTests/Info.plist;
				LD_RUNPATH_SEARCH_PATHS = "$(inherited) @executable_path/Frameworks @loader_path/Frameworks";
				PRODUCT_NAME = "$(TARGET_NAME)";
				TEST_HOST = "$(BUILT_PRODUCTS_DIR)/Leap.app/Leap";
			};
			name = Debug;
		};
		3498200D19D381F30000A5FB /* Release */ = {
			isa = XCBuildConfiguration;
			buildSettings = {
				BUNDLE_LOADER = "$(TEST_HOST)";
				FRAMEWORK_SEARCH_PATHS = (
					"$(SDKROOT)/Developer/Library/Frameworks",
					"$(inherited)",
				);
				INFOPLIST_FILE = LeapTests/Info.plist;
				LD_RUNPATH_SEARCH_PATHS = "$(inherited) @executable_path/Frameworks @loader_path/Frameworks";
				PRODUCT_NAME = "$(TARGET_NAME)";
				TEST_HOST = "$(BUILT_PRODUCTS_DIR)/Leap.app/Leap";
			};
			name = Release;
		};
/* End XCBuildConfiguration section */

/* Begin XCConfigurationList section */
		34981FE719D381F20000A5FB /* Build configuration list for PBXProject "Leap" */ = {
			isa = XCConfigurationList;
			buildConfigurations = (
				3498200619D381F30000A5FB /* Debug */,
				3498200719D381F30000A5FB /* Release */,
			);
			defaultConfigurationIsVisible = 0;
			defaultConfigurationName = Release;
		};
		3498200819D381F30000A5FB /* Build configuration list for PBXNativeTarget "Leap" */ = {
			isa = XCConfigurationList;
			buildConfigurations = (
				3498200919D381F30000A5FB /* Debug */,
				3498200A19D381F30000A5FB /* Release */,
			);
			defaultConfigurationIsVisible = 0;
		};
		3498200B19D381F30000A5FB /* Build configuration list for PBXNativeTarget "LeapTests" */ = {
			isa = XCConfigurationList;
			buildConfigurations = (
				3498200C19D381F30000A5FB /* Debug */,
				3498200D19D381F30000A5FB /* Release */,
			);
			defaultConfigurationIsVisible = 0;
		};
/* End XCConfigurationList section */
	};
	rootObject = 34981FE419D381F20000A5FB /* Project object */;
}
